<Solution>
  <Folder Name="/FrontEnd/">
    <Project Path="GeekShopping.Web/GeekShopping.Web.csproj" />
  </Folder>
  <Folder Name="/Integration/">
    <Project Path="GeekShopping.MessageBus/GeekShopping.MessageBus.csproj" Id="600e49de-fdc1-4dfa-ab17-4a70e40e278a" />
  </Folder>
  <Folder Name="/Services/">
    <Project Path="GeekShopping.CartAPI/GeekShopping.CartAPI.csproj" Id="23b19f72-ba41-4e55-87cc-3d5fcf2c54d3" />
    <Project Path="GeekShopping.CouponAPI/GeekShopping.CouponAPI.csproj" Id="2d235ad8-c5de-4d0a-8e81-f895a762caf5" />
    <Project Path="GeekShopping.IdentityServer/GeekShopping.IdentityServer.csproj" Id="68d7e5da-bb33-4247-8ce1-895116590fe6" />
    <Project Path="GeekShopping.OrderAPI/GeekShopping.OrderAPI.csproj" Id="5c5344c1-d029-4e9a-bf1c-742ce0477389" />
    <Project Path="GeekShopping.ProductAPI/GeekShopping.ProductAPI.csproj" />
  </Folder>
  <Project Path="docker-compose.dcproj">
    <Build />
  </Project>
</Solution>
